
Microsoft Visual Studio Solution File, Format Version 12.00
# Visual Studio Version 17
VisualStudioVersion = 17.10.34916.146
MinimumVisualStudioVersion = 10.0.40219.1
Project("{FAE04EC0-301F-11D3-BF4B-00C04F79EFBC}") = "ConsoleApp1", "ConsoleApp1\ConsoleApp1.csproj", "{40C47144-8B0A-4C35-8C68-3316B7040979}"
EndProject
Global
	GlobalSection(SolutionConfigurationPlatforms) = preSolution
		Debug|Any CPU = Debug|Any CPU
		Release|Any CPU = Release|Any CPU
	EndGlobalSection
	GlobalSection(ProjectConfigurationPlatforms) = postSolution
		{40C47144-8B0A-4C35-8C68-3316B7040979}.Debug|Any CPU.ActiveCfg = Debug|Any CPU
		{40C47144-8B0A-4C35-8C68-3316B7040979}.Debug|Any CPU.Build.0 = Debug|Any CPU
		{40C47144-8B0A-4C35-8C68-3316B7040979}.Release|Any CPU.ActiveCfg = Release|Any CPU
		{40C47144-8B0A-4C35-8C68-3316B7040979}.Release|Any CPU.Build.0 = Release|Any CPU
	EndGlobalSection
	GlobalSection(SolutionProperties) = preSolution
		HideSolutionNode = FALSE
	EndGlobalSection
	GlobalSection(ExtensibilityGlobals) = postSolution
		SolutionGuid = {DEA992A2-29F9-4A01-AFEC-EBA75E3E55BC}
	EndGlobalSection
EndGlobal
